{
  "name": "trace-cli",
  "version": "0.1.1",
  "lockfileVersion": 3,
  "requires": true,
  "packages": {
    "": {
      "name": "trace-cli",
      "version": "0.1.1",
      "license": "MIT",
      "bin": {
        "trace": "bin/trace.js"
      },
      "engines": {
        "node": ">=18"
      }
    }
  }
}
